Microsoft Visual Studio Solution File, Format Version 12.00
# Visual Studio Version 17
VisualStudioVersion = 17.5.2.0
MinimumVisualStudioVersion = 10.0.40219.1
Project("{FAE04EC0-301F-11D3-BF4B-00C04F79EFBC}") = "AuthService", "AuthService\AuthService.csproj", "{6CDAB7B3-DE4F-6FF5-06F0-D824F083F1AF}"
EndProject
Project("{FAE04EC0-301F-11D3-BF4B-00C04F79EFBC}") = "NotificationsService", "NotificationsService\NotificationsService.csproj", "{F902EF7F-AADE-D283-FD76-CE519AC2EB8C}"
EndProject
Project("{FAE04EC0-301F-11D3-BF4B-00C04F79EFBC}") = "OrdersService", "OrdersService\OrdersService.csproj", "{3B659766-7E0F-0DDB-4856-8F81A1D41537}"
EndProject
Project("{FAE04EC0-301F-11D3-BF4B-00C04F79EFBC}") = "PaymentsService", "PaymentsService\PaymentsService.csproj", "{0BE3F67A-4BFB-EAB8-7836-732412743CB5}"
EndProject
Project("{FAE04EC0-301F-11D3-BF4B-00C04F79EFBC}") = "ReportsService", "ReportsService\ReportsService.csproj", "{650A3150-598C-87B7-09E6-346412DFE39C}"
EndProject
Project("{FAE04EC0-301F-11D3-BF4B-00C04F79EFBC}") = "RidersService", "RidersService\RidersService.csproj", "{9FC8E9BC-FB40-A6D2-36DA-011B56A870AD}"
EndProject
Project("{FAE04EC0-301F-11D3-BF4B-00C04F79EFBC}") = "RoutesService", "RoutesService\RoutesService.csproj", "{9D22D6A1-6727-DCEF-BE89-C566AB55DB6A}"
EndProject
Global
	GlobalSection(SolutionConfigurationPlatforms) = preSolution
		Debug|Any CPU = Debug|Any CPU
		Release|Any CPU = Release|Any CPU
	EndGlobalSection
	GlobalSection(ProjectConfigurationPlatforms) = postSolution
		{6CDAB7B3-DE4F-6FF5-06F0-D824F083F1AF}.Debug|Any CPU.ActiveCfg = Debug|Any CPU
		{6CDAB7B3-DE4F-6FF5-06F0-D824F083F1AF}.Debug|Any CPU.Build.0 = Debug|Any CPU
		{6CDAB7B3-DE4F-6FF5-06F0-D824F083F1AF}.Release|Any CPU.ActiveCfg = Release|Any CPU
		{6CDAB7B3-DE4F-6FF5-06F0-D824F083F1AF}.Release|Any CPU.Build.0 = Release|Any CPU
		{F902EF7F-AADE-D283-FD76-CE519AC2EB8C}.Debug|Any CPU.ActiveCfg = Debug|Any CPU
		{F902EF7F-AADE-D283-FD76-CE519AC2EB8C}.Debug|Any CPU.Build.0 = Debug|Any CPU
		{F902EF7F-AADE-D283-FD76-CE519AC2EB8C}.Release|Any CPU.ActiveCfg = Release|Any CPU
		{F902EF7F-AADE-D283-FD76-CE519AC2EB8C}.Release|Any CPU.Build.0 = Release|Any CPU
		{3B659766-7E0F-0DDB-4856-8F81A1D41537}.Debug|Any CPU.ActiveCfg = Debug|Any CPU
		{3B659766-7E0F-0DDB-4856-8F81A1D41537}.Debug|Any CPU.Build.0 = Debug|Any CPU
		{3B659766-7E0F-0DDB-4856-8F81A1D41537}.Release|Any CPU.ActiveCfg = Release|Any CPU
		{3B659766-7E0F-0DDB-4856-8F81A1D41537}.Release|Any CPU.Build.0 = Release|Any CPU
		{0BE3F67A-4BFB-EAB8-7836-732412743CB5}.Debug|Any CPU.ActiveCfg = Debug|Any CPU
		{0BE3F67A-4BFB-EAB8-7836-732412743CB5}.Debug|Any CPU.Build.0 = Debug|Any CPU
		{0BE3F67A-4BFB-EAB8-7836-732412743CB5}.Release|Any CPU.ActiveCfg = Release|Any CPU
		{0BE3F67A-4BFB-EAB8-7836-732412743CB5}.Release|Any CPU.Build.0 = Release|Any CPU
		{650A3150-598C-87B7-09E6-346412DFE39C}.Debug|Any CPU.ActiveCfg = Debug|Any CPU
		{650A3150-598C-87B7-09E6-346412DFE39C}.Debug|Any CPU.Build.0 = Debug|Any CPU
		{650A3150-598C-87B7-09E6-346412DFE39C}.Release|Any CPU.ActiveCfg = Release|Any CPU
		{650A3150-598C-87B7-09E6-346412DFE39C}.Release|Any CPU.Build.0 = Release|Any CPU
		{9FC8E9BC-FB40-A6D2-36DA-011B56A870AD}.Debug|Any CPU.ActiveCfg = Debug|Any CPU
		{9FC8E9BC-FB40-A6D2-36DA-011B56A870AD}.Debug|Any CPU.Build.0 = Debug|Any CPU
		{9FC8E9BC-FB40-A6D2-36DA-011B56A870AD}.Release|Any CPU.ActiveCfg = Release|Any CPU
		{9FC8E9BC-FB40-A6D2-36DA-011B56A870AD}.Release|Any CPU.Build.0 = Release|Any CPU
		{9D22D6A1-6727-DCEF-BE89-C566AB55DB6A}.Debug|Any CPU.ActiveCfg = Debug|Any CPU
		{9D22D6A1-6727-DCEF-BE89-C566AB55DB6A}.Debug|Any CPU.Build.0 = Debug|Any CPU
		{9D22D6A1-6727-DCEF-BE89-C566AB55DB6A}.Release|Any CPU.ActiveCfg = Release|Any CPU
		{9D22D6A1-6727-DCEF-BE89-C566AB55DB6A}.Release|Any CPU.Build.0 = Release|Any CPU
	EndGlobalSection
	GlobalSection(SolutionProperties) = preSolution
		HideSolutionNode = FALSE
	EndGlobalSection
	GlobalSection(ExtensibilityGlobals) = postSolution
		SolutionGuid = {531A4DB8-2A59-4EFB-88CD-18C1E023D327}
	EndGlobalSection
EndGlobal
